
Microsoft Visual Studio Solution File, Format Version 12.00
# Visual Studio 2013
VisualStudioVersion = 12.0.31101.0
MinimumVisualStudioVersion = 10.0.40219.1
Project("{FAE04EC0-301F-11D3-BF4B-00C04F79EFBC}") = "HelloWorld", "HelloWorld\HelloWorld.csproj", "{B490B0CA-AD9D-423A-940D-D49BCD32BB2F}"
EndProject
Project("{FAE04EC0-301F-11D3-BF4B-00C04F79EFBC}") = "Host.ConsoleApp", "Host.ConsoleApp\Host.ConsoleApp.csproj", "{BAD67376-ECF8-4AB9-8BD9-E32CD7734109}"
EndProject
Project("{FAE04EC0-301F-11D3-BF4B-00C04F79EFBC}") = "Host.Test.Behaviour", "Host.Test.Behaviour\Host.Test.Behaviour.csproj", "{CD5F63CC-A7BA-4624-9325-D3E53E6BA1A4}"
EndProject
Project("{2150E333-8FDC-42A3-9474-1A3956D46DE8}") = ".nuget", ".nuget", "{13E241EA-EDAF-460F-B992-76CA985C9547}"
	ProjectSection(SolutionItems) = preProject
		.nuget\packages.config = .nuget\packages.config
	EndProjectSection
EndProject
Global
	GlobalSection(SolutionConfigurationPlatforms) = preSolution
		Debug|Any CPU = Debug|Any CPU
		Release|Any CPU = Release|Any CPU
	EndGlobalSection
	GlobalSection(ProjectConfigurationPlatforms) = postSolution
		{B490B0CA-AD9D-423A-940D-D49BCD32BB2F}.Debug|Any CPU.ActiveCfg = Debug|Any CPU
		{B490B0CA-AD9D-423A-940D-D49BCD32BB2F}.Debug|Any CPU.Build.0 = Debug|Any CPU
		{B490B0CA-AD9D-423A-940D-D49BCD32BB2F}.Release|Any CPU.ActiveCfg = Release|Any CPU
		{B490B0CA-AD9D-423A-940D-D49BCD32BB2F}.Release|Any CPU.Build.0 = Release|Any CPU
		{BAD67376-ECF8-4AB9-8BD9-E32CD7734109}.Debug|Any CPU.ActiveCfg = Debug|Any CPU
		{BAD67376-ECF8-4AB9-8BD9-E32CD7734109}.Debug|Any CPU.Build.0 = Debug|Any CPU
		{BAD67376-ECF8-4AB9-8BD9-E32CD7734109}.Release|Any CPU.ActiveCfg = Release|Any CPU
		{BAD67376-ECF8-4AB9-8BD9-E32CD7734109}.Release|Any CPU.Build.0 = Release|Any CPU
		{CD5F63CC-A7BA-4624-9325-D3E53E6BA1A4}.Debug|Any CPU.ActiveCfg = Debug|Any CPU
		{CD5F63CC-A7BA-4624-9325-D3E53E6BA1A4}.Debug|Any CPU.Build.0 = Debug|Any CPU
		{CD5F63CC-A7BA-4624-9325-D3E53E6BA1A4}.Release|Any CPU.ActiveCfg = Release|Any CPU
		{CD5F63CC-A7BA-4624-9325-D3E53E6BA1A4}.Release|Any CPU.Build.0 = Release|Any CPU
	EndGlobalSection
	GlobalSection(SolutionProperties) = preSolution
		HideSolutionNode = FALSE
	EndGlobalSection
EndGlobal
